
Microsoft Visual Studio Solution File, Format Version 12.00
# Visual Studio Version 17
VisualStudioVersion = 17.9.34728.123
MinimumVisualStudioVersion = 10.0.40219.1
Project("{FAE04EC0-301F-11D3-BF4B-00C04F79EFBC}") = "FIrst_TaskAspNetCoreMVC", "FIrst_TaskAspNetCoreMVC\FIrst_TaskAspNetCoreMVC.csproj", "{C0D093AD-65EE-44DA-B81F-2170ECA3F378}"
EndProject
Global
	GlobalSection(SolutionConfigurationPlatforms) = preSolution
		Debug|Any CPU = Debug|Any CPU
		Release|Any CPU = Release|Any CPU
	EndGlobalSection
	GlobalSection(ProjectConfigurationPlatforms) = postSolution
		{C0D093AD-65EE-44DA-B81F-2170ECA3F378}.Debug|Any CPU.ActiveCfg = Debug|Any CPU
		{C0D093AD-65EE-44DA-B81F-2170ECA3F378}.Debug|Any CPU.Build.0 = Debug|Any CPU
		{C0D093AD-65EE-44DA-B81F-2170ECA3F378}.Release|Any CPU.ActiveCfg = Release|Any CPU
		{C0D093AD-65EE-44DA-B81F-2170ECA3F378}.Release|Any CPU.Build.0 = Release|Any CPU
	EndGlobalSection
	GlobalSection(SolutionProperties) = preSolution
		HideSolutionNode = FALSE
	EndGlobalSection
	GlobalSection(ExtensibilityGlobals) = postSolution
		SolutionGuid = {65E40DC3-26B1-4846-B575-F91A21EE3867}
	EndGlobalSection
EndGlobal
